
Microsoft Visual Studio Solution File, Format Version 12.00
# Visual Studio Version 17
VisualStudioVersion = 17.8.34309.116
MinimumVisualStudioVersion = 10.0.40219.1
Project("{9A19103F-16F7-4668-BE54-9A1E7A4F7556}") = "Redis.Api", "Redis.Api\Redis.Api.csproj", "{8A48F24D-7648-474D-A8FE-5D6C8E88F2EC}"
EndProject
Project("{FAE04EC0-301F-11D3-BF4B-00C04F79EFBC}") = "RedisCache", "RedisCache\RedisCache.csproj", "{BB1D2669-B82F-4542-A175-23472379E6D0}"
EndProject
Global
	GlobalSection(SolutionConfigurationPlatforms) = preSolution
		Debug|Any CPU = Debug|Any CPU
		Release|Any CPU = Release|Any CPU
	EndGlobalSection
	GlobalSection(ProjectConfigurationPlatforms) = postSolution
		{8A48F24D-7648-474D-A8FE-5D6C8E88F2EC}.Debug|Any CPU.ActiveCfg = Debug|Any CPU
		{8A48F24D-7648-474D-A8FE-5D6C8E88F2EC}.Debug|Any CPU.Build.0 = Debug|Any CPU
		{8A48F24D-7648-474D-A8FE-5D6C8E88F2EC}.Release|Any CPU.ActiveCfg = Release|Any CPU
		{8A48F24D-7648-474D-A8FE-5D6C8E88F2EC}.Release|Any CPU.Build.0 = Release|Any CPU
		{BB1D2669-B82F-4542-A175-23472379E6D0}.Debug|Any CPU.ActiveCfg = Debug|Any CPU
		{BB1D2669-B82F-4542-A175-23472379E6D0}.Debug|Any CPU.Build.0 = Debug|Any CPU
		{BB1D2669-B82F-4542-A175-23472379E6D0}.Release|Any CPU.ActiveCfg = Release|Any CPU
		{BB1D2669-B82F-4542-A175-23472379E6D0}.Release|Any CPU.Build.0 = Release|Any CPU
	EndGlobalSection
	GlobalSection(SolutionProperties) = preSolution
		HideSolutionNode = FALSE
	EndGlobalSection
	GlobalSection(ExtensibilityGlobals) = postSolution
		SolutionGuid = {CD53F637-BA1D-4F06-876F-51FB4D02C8AB}
	EndGlobalSection
EndGlobal
